<?xml version="1.0" encoding="utf-8"?>
<Project ToolsVersion="4.0" xmlns="http://schemas.microsoft.com/developer/msbuild/2003">
  <ItemGroup>
    <Filter Include="Fichiers sources">
      <UniqueIdentifier>{4FC737F1-C7A5-4376-A066-2A32D752A2FF}</UniqueIdentifier>
      <Extensions>cpp;c;cc;cxx;def;odl;idl;hpj;bat;asm;asmx</Extensions>
    </Filter>
    <Filter Include="Fichiers d%27en-tête">
      <UniqueIdentifier>{93995380-89BD-4b04-88EB-625FBE52EBFB}</UniqueIdentifier>
      <Extensions>h;hpp;hxx;hm;inl;inc;xsd</Extensions>
    </Filter>
    <Filter Include="Shaders">
      <UniqueIdentifier>{50568266-686c-4aa6-a6f5-cef18f7fe1e9}</UniqueIdentifier>
      <Extensions>frag;vert</Extensions>
    </Filter>
    <Filter Include="NPCs">
      <UniqueIdentifier>{d34c75a0-5141-467d-b1fd-32cf3c40325e}</UniqueIdentifier>
      <Extensions>/npc</Extensions>
    </Filter>
  </ItemGroup>
  <ItemGroup>
    <ClCompile Include="src\util\quaternion.cpp">
      <Filter>Fichiers sources</Filter>
    </ClCompile>
    <ClCompile Include="src\main.cpp">
      <Filter>Fichiers sources</Filter>
    </ClCompile>
    <ClCompile Include="src\engine\ai.cpp">
      <Filter>Fichiers sources</Filter>
    </ClCompile>
    <ClCompile Include="src\engine\camera.cpp">
      <Filter>Fichiers sources</Filter>
    </ClCompile>
    <ClCompile Include="src\engine\controls.cpp">
      <Filter>Fichiers sources</Filter>
    </ClCompile>
    <ClCompile Include="src\engine\engine.cpp">
      <Filter>Fichiers sources</Filter>
    </ClCompile>
    <ClCompile Include="src\engine\son.cpp">
      <Filter>Fichiers sources</Filter>
    </ClCompile>
    <ClCompile Include="src\engine\projectile.cpp">
      <Filter>Fichiers sources</Filter>
    </ClCompile>
    <ClCompile Include="src\engine\player.cpp">
      <Filter>Fichiers sources</Filter>
    </ClCompile>
    <ClCompile Include="src\engine\blockinfo.cpp">
      <Filter>Fichiers sources</Filter>
    </ClCompile>
    <ClCompile Include="src\engine\chunk.cpp">
      <Filter>Fichiers sources</Filter>
    </ClCompile>
    <ClCompile Include="src\engine\info.cpp">
      <Filter>Fichiers sources</Filter>
    </ClCompile>
    <ClCompile Include="src\engine\network.cpp">
      <Filter>Fichiers sources</Filter>
    </ClCompile>
    <ClCompile Include="src\engine\openglcontext.cpp">
      <Filter>Fichiers sources</Filter>
    </ClCompile>
    <ClCompile Include="src\util\tool.cpp">
      <Filter>Fichiers sources</Filter>
    </ClCompile>
    <ClCompile Include="src\engine\gl\texture.cpp">
      <Filter>Fichiers sources</Filter>
    </ClCompile>
    <ClCompile Include="src\engine\gl\texturearray.cpp">
      <Filter>Fichiers sources</Filter>
    </ClCompile>
    <ClCompile Include="src\engine\gl\textureatlas.cpp">
      <Filter>Fichiers sources</Filter>
    </ClCompile>
    <ClCompile Include="src\engine\gl\chunkmesh.cpp">
      <Filter>Fichiers sources</Filter>
    </ClCompile>
    <ClCompile Include="src\engine\gl\mesh.cpp">
      <Filter>Fichiers sources</Filter>
    </ClCompile>
    <ClCompile Include="src\engine\gl\model.cpp">
      <Filter>Fichiers sources</Filter>
    </ClCompile>
    <ClCompile Include="src\game\npc.cpp">
      <Filter>Fichiers sources</Filter>
    </ClCompile>
    <ClCompile Include="src\game\character.cpp">
      <Filter>Fichiers sources</Filter>
    </ClCompile>
    <ClCompile Include="src\engine\options.cpp">
      <Filter>Fichiers sources</Filter>
    </ClCompile>
    <ClCompile Include="src\game\spell.cpp">
      <Filter>Fichiers sources</Filter>
    </ClCompile>
    <ClCompile Include="src\engine\gl\particles.cpp">
      <Filter>Fichiers sources</Filter>
    </ClCompile>
    <ClCompile Include="src\game\animal.cpp">
      <Filter>Fichiers sources</Filter>
    </ClCompile>
    <ClCompile Include="src\util\dice.cpp">
      <Filter>Fichiers sources</Filter>
    </ClCompile>
    <ClCompile Include="src\engine\gl\randomtexture.cpp">
      <Filter>Fichiers sources</Filter>
    </ClCompile>
    <ClCompile Include="src\engine\gl\shaders\billboardshader.cpp">
      <Filter>Fichiers sources</Filter>
    </ClCompile>
    <ClCompile Include="src\engine\gl\shaders\psupdateshader.cpp">
      <Filter>Fichiers sources</Filter>
    </ClCompile>
    <ClCompile Include="src\engine\gl\shaders\shader.cpp">
      <Filter>Fichiers sources</Filter>
    </ClCompile>
    <ClCompile Include="src\engine\gl\shaders\lightingshader.cpp">
      <Filter>Fichiers sources</Filter>
    </ClCompile>
    <ClCompile Include="src\util\perlin.cpp">
      <Filter>Fichiers sources</Filter>
    </ClCompile>
    <ClCompile Include="src\engine\treegenerator.cpp">
      <Filter>Fichiers sources</Filter>
    </ClCompile>
    <ClCompile Include="src\engine\chunkloader.cpp">
      <Filter>Fichiers sources</Filter>
    </ClCompile>
    <ClCompile Include="src\engine\gl\ui\controls\localizable\container\panel.cpp">
      <Filter>Fichiers sources</Filter>
    </ClCompile>
    <ClCompile Include="src\engine\gl\ui\controls\localizable\drawable\picturebox.cpp">
      <Filter>Fichiers sources</Filter>
    </ClCompile>
    <ClCompile Include="src\engine\gl\ui\controls\localizable\drawable\progressbar.cpp">
      <Filter>Fichiers sources</Filter>
    </ClCompile>
    <ClCompile Include="src\engine\gl\ui\controls\localizable\textual\label.cpp">
      <Filter>Fichiers sources</Filter>
    </ClCompile>
    <ClCompile Include="src\engine\gl\ui\controls\localizable\textual\listbox.cpp">
      <Filter>Fichiers sources</Filter>
    </ClCompile>
    <ClCompile Include="src\engine\gl\ui\control.cpp">
      <Filter>Fichiers sources</Filter>
    </ClCompile>
    <ClCompile Include="src\engine\gl\ui\gameinterface.cpp">
      <Filter>Fichiers sources</Filter>
    </ClCompile>
    <ClCompile Include="src\engine\gl\ui\interface.cpp">
      <Filter>Fichiers sources</Filter>
    </ClCompile>
    <ClCompile Include="src\engine\gl\ui\menuinterface.cpp">
      <Filter>Fichiers sources</Filter>
    </ClCompile>
    <ClCompile Include="src\engine\gl\ui\theme.cpp">
      <Filter>Fichiers sources</Filter>
    </ClCompile>
    <ClCompile Include="src\engine\gl\ui\object.cpp">
      <Filter>Fichiers sources</Filter>
    </ClCompile>
    <ClCompile Include="src\engine\gl\ui\controls\localizable\drawable\bubble.cpp">
      <Filter>Fichiers sources</Filter>
    </ClCompile>
    <ClCompile Include="src\engine\gl\ui\controls\localizable.cpp">
      <Filter>Fichiers sources</Filter>
    </ClCompile>
    <ClCompile Include="src\engine\gl\ui\controls\workable.cpp">
      <Filter>Fichiers sources</Filter>
    </ClCompile>
    <ClCompile Include="src\engine\gl\ui\controls\localizable\container\window.cpp">
      <Filter>Fichiers sources</Filter>
    </ClCompile>
    <ClCompile Include="src\engine\gl\ui\controls\localizable\drawable.cpp">
      <Filter>Fichiers sources</Filter>
    </ClCompile>
    <ClCompile Include="src\engine\gl\ui\controls\workable\timer.cpp">
      <Filter>Fichiers sources</Filter>
    </ClCompile>
    <ClCompile Include="src\game\entity.cpp">
      <Filter>Fichiers sources</Filter>
    </ClCompile>
    <ClCompile Include="src\engine\gl\ui\controls\localizable\container.cpp">
      <Filter>Fichiers sources</Filter>
    </ClCompile>
    <ClCompile Include="src\engine\gl\ui\controls\localizable\textual.cpp">
      <Filter>Fichiers sources</Filter>
    </ClCompile>
    <ClCompile Include="src\engine\gl\ui\controls\localizable\textual\singletext.cpp">
      <Filter>Fichiers sources</Filter>
    </ClCompile>
    <ClCompile Include="src\engine\gl\ui\controls\localizable\textual\singletext\button.cpp">
      <Filter>Fichiers sources</Filter>
    </ClCompile>
    <ClCompile Include="src\engine\gl\ui\controls\localizable\textual\singletext\spellbutton.cpp">
      <Filter>Fichiers sources</Filter>
    </ClCompile>
    <ClCompile Include="src\engine\gl\ui\controls\localizable\textual\singletext\textbox.cpp">
      <Filter>Fichiers sources</Filter>
    </ClCompile>
    <ClCompile Include="src\engine\gl\ui\controls\localizable\container\dialogwindow.cpp">
      <Filter>Fichiers sources</Filter>
    </ClCompile>
    <ClCompile Include="src\engine\gl\modelmesh.cpp">
      <Filter>Fichiers sources</Filter>
    </ClCompile>
    <ClCompile Include="src\engine\gl\ui\debuginterface.cpp">
      <Filter>Fichiers sources</Filter>
    </ClCompile>
    <ClCompile Include="src\engine\gl\shadowmapfbo.cpp">
      <Filter>Fichiers sources</Filter>
    </ClCompile>
    <ClCompile Include="src\engine\gl\ui\effects\effect.cpp">
      <Filter>Fichiers sources</Filter>
    </ClCompile>
    <ClCompile Include="src\engine\gl\ui\controls\localizable\textual\singletext\tooltip.cpp">
      <Filter>Fichiers sources</Filter>
    </ClCompile>
    <ClCompile Include="src\engine\gl\cubemaptexture.cpp">
      <Filter>Fichiers sources</Filter>
    </ClCompile>
    <ClCompile Include="src\engine\gl\shaders\skyboxshader.cpp">
      <Filter>Fichiers sources</Filter>
    </ClCompile>
    <ClCompile Include="src\engine\gl\skybox.cpp">
      <Filter>Fichiers sources</Filter>
    </ClCompile>
    <ClCompile Include="src\engine\gl\shaders\shadernew.cpp">
      <Filter>Fichiers sources</Filter>
    </ClCompile>
    <ClCompile Include="src\engine\gl\shaders\modelshader.cpp">
      <Filter>Fichiers sources</Filter>
    </ClCompile>
    <ClCompile Include="src\engine\pipeline.cpp">
      <Filter>Fichiers sources</Filter>
    </ClCompile>
    <ClCompile Include="src\engine\thirdpersoncamera.cpp">
      <Filter>Fichiers sources</Filter>
    </ClCompile>
    <ClCompile Include="src\engine\mouseeventargs.cpp">
      <Filter>Fichiers sources</Filter>
    </ClCompile>
    <ClCompile Include="src\engine\chunks.cpp">
      <Filter>Fichiers sources</Filter>
    </ClCompile>
    <ClCompile Include="src\engine\material.cpp">
      <Filter>Fichiers sources</Filter>
    </ClCompile>
  </ItemGroup>
  <ItemGroup>
    <ClInclude Include="src\util\array.h">
      <Filter>Fichiers d%27en-tête</Filter>
    </ClInclude>
    <ClInclude Include="src\util\array2d.h">
      <Filter>Fichiers d%27en-tête</Filter>
    </ClInclude>
    <ClInclude Include="src\util\array3d.h">
      <Filter>Fichiers d%27en-tête</Filter>
    </ClInclude>
    <ClInclude Include="src\util\arraybool.h">
      <Filter>Fichiers d%27en-tête</Filter>
    </ClInclude>
    <ClInclude Include="src\util\matrix4.h">
      <Filter>Fichiers d%27en-tête</Filter>
    </ClInclude>
    <ClInclude Include="src\util\quaternion.h">
      <Filter>Fichiers d%27en-tête</Filter>
    </ClInclude>
    <ClInclude Include="src\util\vector2.h">
      <Filter>Fichiers d%27en-tête</Filter>
    </ClInclude>
    <ClInclude Include="src\util\vector3.h">
      <Filter>Fichiers d%27en-tête</Filter>
    </ClInclude>
    <ClInclude Include="src\engine\ai.h">
      <Filter>Fichiers d%27en-tête</Filter>
    </ClInclude>
    <ClInclude Include="src\engine\camera.h">
      <Filter>Fichiers d%27en-tête</Filter>
    </ClInclude>
    <ClInclude Include="src\engine\controls.h">
      <Filter>Fichiers d%27en-tête</Filter>
    </ClInclude>
    <ClInclude Include="src\engine\engine.h">
      <Filter>Fichiers d%27en-tête</Filter>
    </ClInclude>
    <ClInclude Include="src\engine\son.h">
      <Filter>Fichiers d%27en-tête</Filter>
    </ClInclude>
    <ClInclude Include="src\engine\projectile.h">
      <Filter>Fichiers d%27en-tête</Filter>
    </ClInclude>
    <ClInclude Include="src\engine\player.h">
      <Filter>Fichiers d%27en-tête</Filter>
    </ClInclude>
    <ClInclude Include="src\engine\blockinfo.h">
      <Filter>Fichiers d%27en-tête</Filter>
    </ClInclude>
    <ClInclude Include="src\engine\chunk.h">
      <Filter>Fichiers d%27en-tête</Filter>
    </ClInclude>
    <ClInclude Include="src\engine\info.h">
      <Filter>Fichiers d%27en-tête</Filter>
    </ClInclude>
    <ClInclude Include="src\engine\network.h">
      <Filter>Fichiers d%27en-tête</Filter>
    </ClInclude>
    <ClInclude Include="src\engine\openglcontext.h">
      <Filter>Fichiers d%27en-tête</Filter>
    </ClInclude>
    <ClInclude Include="src\util\tool.h">
      <Filter>Fichiers d%27en-tête</Filter>
    </ClInclude>
    <ClInclude Include="src\define.h">
      <Filter>Fichiers d%27en-tête</Filter>
    </ClInclude>
    <ClInclude Include="src\engine\gl\texture.h">
      <Filter>Fichiers d%27en-tête</Filter>
    </ClInclude>
    <ClInclude Include="src\engine\gl\texturearray.h">
      <Filter>Fichiers d%27en-tête</Filter>
    </ClInclude>
    <ClInclude Include="src\engine\gl\textureatlas.h">
      <Filter>Fichiers d%27en-tête</Filter>
    </ClInclude>
    <ClInclude Include="src\engine\gl\chunkmesh.h">
      <Filter>Fichiers d%27en-tête</Filter>
    </ClInclude>
    <ClInclude Include="src\engine\gl\mesh.h">
      <Filter>Fichiers d%27en-tête</Filter>
    </ClInclude>
    <ClInclude Include="src\game\npc.h">
      <Filter>Fichiers d%27en-tête</Filter>
    </ClInclude>
    <ClInclude Include="src\engine\gl\model.h">
      <Filter>Fichiers d%27en-tête</Filter>
    </ClInclude>
    <ClInclude Include="src\game\character.h">
      <Filter>Fichiers d%27en-tête</Filter>
    </ClInclude>
    <ClInclude Include="src\engine\options.h">
      <Filter>Fichiers d%27en-tête</Filter>
    </ClInclude>
    <ClInclude Include="src\game\spell.h">
      <Filter>Fichiers d%27en-tête</Filter>
    </ClInclude>
    <ClInclude Include="src\engine\gl\particles.h">
      <Filter>Fichiers d%27en-tête</Filter>
    </ClInclude>
    <ClInclude Include="src\game\animal.h">
      <Filter>Fichiers d%27en-tête</Filter>
    </ClInclude>
    <ClInclude Include="src\npcinfo.h">
      <Filter>Fichiers d%27en-tête</Filter>
    </ClInclude>
    <ClInclude Include="src\util\dice.h">
      <Filter>Fichiers d%27en-tête</Filter>
    </ClInclude>
    <ClInclude Include="src\engine\gl\randomtexture.h">
      <Filter>Fichiers d%27en-tête</Filter>
    </ClInclude>
    <ClInclude Include="src\engine\gl\testbillboard.h">
      <Filter>Fichiers d%27en-tête</Filter>
    </ClInclude>
    <ClInclude Include="src\engine\gl\shaders\billboardshader.h">
      <Filter>Fichiers d%27en-tête</Filter>
    </ClInclude>
    <ClInclude Include="src\engine\gl\shaders\psupdateshader.h">
      <Filter>Fichiers d%27en-tête</Filter>
    </ClInclude>
    <ClInclude Include="src\engine\gl\shaders\shader.h">
      <Filter>Fichiers d%27en-tête</Filter>
    </ClInclude>
    <ClInclude Include="src\engine\gl\shaders\lightingshader.h">
      <Filter>Fichiers d%27en-tête</Filter>
    </ClInclude>
    <ClInclude Include="src\interfaceinfos.h">
      <Filter>Fichiers d%27en-tête</Filter>
    </ClInclude>
    <ClInclude Include="src\util\perlin.h">
      <Filter>Fichiers d%27en-tête</Filter>
    </ClInclude>
    <ClInclude Include="src\engine\treegenerator.h">
      <Filter>Fichiers d%27en-tête</Filter>
    </ClInclude>
    <ClInclude Include="src\engine\chunkloader.h">
      <Filter>Fichiers d%27en-tête</Filter>
    </ClInclude>
    <ClInclude Include="src\enumerators.h">
      <Filter>Fichiers d%27en-tête</Filter>
    </ClInclude>
    <ClInclude Include="src\engine\gl\ui\controls\localizable\container\panel.h">
      <Filter>Fichiers d%27en-tête</Filter>
    </ClInclude>
    <ClInclude Include="src\engine\gl\ui\controls\localizable\drawable\picturebox.h">
      <Filter>Fichiers d%27en-tête</Filter>
    </ClInclude>
    <ClInclude Include="src\engine\gl\ui\controls\localizable\drawable\progressbar.h">
      <Filter>Fichiers d%27en-tête</Filter>
    </ClInclude>
    <ClInclude Include="src\engine\gl\ui\controls\localizable\textual\label.h">
      <Filter>Fichiers d%27en-tête</Filter>
    </ClInclude>
    <ClInclude Include="src\engine\gl\ui\controls\localizable\textual\listbox.h">
      <Filter>Fichiers d%27en-tête</Filter>
    </ClInclude>
    <ClInclude Include="src\engine\gl\ui\control.h">
      <Filter>Fichiers d%27en-tête</Filter>
    </ClInclude>
    <ClInclude Include="src\engine\gl\ui\gameinterface.h">
      <Filter>Fichiers d%27en-tête</Filter>
    </ClInclude>
    <ClInclude Include="src\engine\gl\ui\interface.h">
      <Filter>Fichiers d%27en-tête</Filter>
    </ClInclude>
    <ClInclude Include="src\engine\gl\ui\menuinterface.h">
      <Filter>Fichiers d%27en-tête</Filter>
    </ClInclude>
    <ClInclude Include="src\engine\gl\ui\theme.h">
      <Filter>Fichiers d%27en-tête</Filter>
    </ClInclude>
    <ClInclude Include="src\engine\gl\ui\valuesgameinterface.h">
      <Filter>Fichiers d%27en-tête</Filter>
    </ClInclude>
    <ClInclude Include="src\engine\gl\ui\valuesinterface.h">
      <Filter>Fichiers d%27en-tête</Filter>
    </ClInclude>
    <ClInclude Include="src\engine\gl\ui\object.h">
      <Filter>Fichiers d%27en-tête</Filter>
    </ClInclude>
    <ClInclude Include="src\engine\gl\ui\controls\localizable\drawable\bubble.h">
      <Filter>Fichiers d%27en-tête</Filter>
    </ClInclude>
    <ClInclude Include="src\engine\gl\ui\controls\localizable.h">
      <Filter>Fichiers d%27en-tête</Filter>
    </ClInclude>
    <ClInclude Include="src\engine\gl\ui\controls\workable.h">
      <Filter>Fichiers d%27en-tête</Filter>
    </ClInclude>
    <ClInclude Include="src\engine\gl\ui\controls\localizable\container\window.h">
      <Filter>Fichiers d%27en-tête</Filter>
    </ClInclude>
    <ClInclude Include="src\engine\gl\ui\controls\localizable\drawable.h">
      <Filter>Fichiers d%27en-tête</Filter>
    </ClInclude>
    <ClInclude Include="src\engine\gl\ui\controls\workable\timer.h">
      <Filter>Fichiers d%27en-tête</Filter>
    </ClInclude>
    <ClInclude Include="src\game\entity.h">
      <Filter>Fichiers d%27en-tête</Filter>
    </ClInclude>
    <ClInclude Include="src\engine\gl\ui\controls\localizable\container.h">
      <Filter>Fichiers d%27en-tête</Filter>
    </ClInclude>
    <ClInclude Include="src\engine\gl\ui\controls\localizable\textual.h">
      <Filter>Fichiers d%27en-tête</Filter>
    </ClInclude>
    <ClInclude Include="src\engine\gl\ui\controls\localizable\textual\singletext.h">
      <Filter>Fichiers d%27en-tête</Filter>
    </ClInclude>
    <ClInclude Include="src\engine\gl\ui\controls\localizable\textual\singletext\button.h">
      <Filter>Fichiers d%27en-tête</Filter>
    </ClInclude>
    <ClInclude Include="src\engine\gl\ui\controls\localizable\textual\singletext\spellbutton.h">
      <Filter>Fichiers d%27en-tête</Filter>
    </ClInclude>
    <ClInclude Include="src\engine\gl\ui\controls\localizable\textual\singletext\textbox.h">
      <Filter>Fichiers d%27en-tête</Filter>
    </ClInclude>
    <ClInclude Include="src\engine\gl\ui\controls\localizable\container\dialogwindow.h">
      <Filter>Fichiers d%27en-tête</Filter>
    </ClInclude>
    <ClInclude Include="src\engine\gl\modelmesh.h">
      <Filter>Fichiers d%27en-tête</Filter>
    </ClInclude>
    <ClInclude Include="src\engine\gl\ui\debuginterface.h">
      <Filter>Fichiers d%27en-tête</Filter>
    </ClInclude>
    <ClInclude Include="src\engine\gl\shadowmapfbo.h">
      <Filter>Fichiers d%27en-tête</Filter>
    </ClInclude>
    <ClInclude Include="src\engine\gl\ui\effects\effect.h">
      <Filter>Fichiers d%27en-tête</Filter>
    </ClInclude>
    <ClInclude Include="src\engine\gl\ui\controls\localizable\textual\singletext\tooltip.h">
      <Filter>Fichiers d%27en-tête</Filter>
    </ClInclude>
    <ClInclude Include="src\engine\gl\cubemaptexture.h">
      <Filter>Fichiers d%27en-tête</Filter>
    </ClInclude>
    <ClInclude Include="src\engine\gl\shaders\skyboxshader.h">
      <Filter>Fichiers d%27en-tête</Filter>
    </ClInclude>
    <ClInclude Include="src\engine\gl\skybox.h">
      <Filter>Fichiers d%27en-tête</Filter>
    </ClInclude>
    <ClInclude Include="src\engine\gl\shaders\shadernew.h">
      <Filter>Fichiers d%27en-tête</Filter>
    </ClInclude>
    <ClInclude Include="src\engine\gl\shaders\modelshader.h">
      <Filter>Fichiers d%27en-tête</Filter>
    </ClInclude>
    <ClInclude Include="src\engine\gl\shaders\lights.h">
      <Filter>Fichiers d%27en-tête</Filter>
    </ClInclude>
    <ClInclude Include="src\engine\pipeline.h">
      <Filter>Fichiers d%27en-tête</Filter>
    </ClInclude>
    <ClInclude Include="src\engine\thirdpersoncamera.h">
      <Filter>Fichiers d%27en-tête</Filter>
    </ClInclude>
    <ClInclude Include="src\engine\mouseeventargs.h">
      <Filter>Fichiers d%27en-tête</Filter>
    </ClInclude>
    <ClInclude Include="src\engine\chunks.h">
      <Filter>Fichiers d%27en-tête</Filter>
    </ClInclude>
    <ClInclude Include="src\engine\material.h">
      <Filter>Fichiers d%27en-tête</Filter>
    </ClInclude>
  </ItemGroup>
  <ItemGroup>
    <None Include="src\engine\gl\shaders\billboardshader.frag">
      <Filter>Shaders</Filter>
    </None>
    <None Include="src\engine\gl\shaders\billboardshader.geom" />
    <None Include="src\engine\gl\shaders\billboardshader.vert">
      <Filter>Shaders</Filter>
    </None>
    <None Include="src\engine\gl\shaders\cubeshader.vert">
      <Filter>Shaders</Filter>
    </None>
    <None Include="src\engine\gl\shaders\modelshader.frag">
      <Filter>Shaders</Filter>
    </None>
    <None Include="src\engine\gl\shaders\modelshader.vert">
      <Filter>Shaders</Filter>
    </None>
    <None Include="src\engine\gl\shaders\particleshader.frag">
      <Filter>Shaders</Filter>
    </None>
    <None Include="src\engine\gl\shaders\particleshader.vert">
      <Filter>Shaders</Filter>
    </None>
    <None Include="src\engine\gl\shaders\psupdateshader.vert">
      <Filter>Shaders</Filter>
    </None>
    <None Include="src\engine\gl\shaders\psupdateshader.geom" />
    <None Include="src\engine\gl\shaders\cubeshader.frag">
      <Filter>Shaders</Filter>
    </None>
    <None Include="src\engine\gl\shaders\skyboxshader.vert">
      <Filter>Shaders</Filter>
    </None>
    <None Include="src\engine\gl\shaders\skyboxshader.frag">
      <Filter>Shaders</Filter>
    </None>
    <None Include="src\engine\gl\shaders\lighting.glsl">
      <Filter>Shaders</Filter>
    </None>
    <None Include="src\engine\gl\shaders\model.glsl">
      <Filter>Shaders</Filter>
    </None>
  </ItemGroup>
</Project>